
Microsoft Visual Studio Solution File, Format Version 12.00
# Visual Studio 15
VisualStudioVersion = 15.0.28010.2026
MinimumVisualStudioVersion = 10.0.40219.1
Project("{FAE04EC0-301F-11D3-BF4B-00C04F79EFBC}") = "OPCDemo", "OPCDemo\OPCDemo.csproj", "{86093823-6014-4114-BE84-B5712B3F2F2F}"
EndProject
Project("{FAE04EC0-301F-11D3-BF4B-00C04F79EFBC}") = "OPCWebDemo", "OPCWebDemo\OPCWebDemo.csproj", "{A2A2E1A8-F3CD-4760-827A-8D848EA9066E}"
EndProject
Project("{FAE04EC0-301F-11D3-BF4B-00C04F79EFBC}") = "OPCDemom", "OPCDemom\OPCDemom.csproj", "{ABE33631-38AE-406A-98FA-C52A90C3275E}"
EndProject
Project("{FAE04EC0-301F-11D3-BF4B-00C04F79EFBC}") = "OPCDemon", "OPCDemon\OPCDemon.csproj", "{E7161807-349E-4E57-B25F-46894C6B7C13}"
EndProject
Global
	GlobalSection(SolutionConfigurationPlatforms) = preSolution
		Debug|Any CPU = Debug|Any CPU
		Release|Any CPU = Release|Any CPU
	EndGlobalSection
	GlobalSection(ProjectConfigurationPlatforms) = postSolution
		{86093823-6014-4114-BE84-B5712B3F2F2F}.Debug|Any CPU.ActiveCfg = Debug|Any CPU
		{86093823-6014-4114-BE84-B5712B3F2F2F}.Debug|Any CPU.Build.0 = Debug|Any CPU
		{86093823-6014-4114-BE84-B5712B3F2F2F}.Release|Any CPU.ActiveCfg = Release|Any CPU
		{86093823-6014-4114-BE84-B5712B3F2F2F}.Release|Any CPU.Build.0 = Release|Any CPU
		{A2A2E1A8-F3CD-4760-827A-8D848EA9066E}.Debug|Any CPU.ActiveCfg = Debug|Any CPU
		{A2A2E1A8-F3CD-4760-827A-8D848EA9066E}.Debug|Any CPU.Build.0 = Debug|Any CPU
		{A2A2E1A8-F3CD-4760-827A-8D848EA9066E}.Release|Any CPU.ActiveCfg = Release|Any CPU
		{A2A2E1A8-F3CD-4760-827A-8D848EA9066E}.Release|Any CPU.Build.0 = Release|Any CPU
		{ABE33631-38AE-406A-98FA-C52A90C3275E}.Debug|Any CPU.ActiveCfg = Debug|Any CPU
		{ABE33631-38AE-406A-98FA-C52A90C3275E}.Debug|Any CPU.Build.0 = Debug|Any CPU
		{ABE33631-38AE-406A-98FA-C52A90C3275E}.Release|Any CPU.ActiveCfg = Release|Any CPU
		{ABE33631-38AE-406A-98FA-C52A90C3275E}.Release|Any CPU.Build.0 = Release|Any CPU
		{E7161807-349E-4E57-B25F-46894C6B7C13}.Debug|Any CPU.ActiveCfg = Debug|Any CPU
		{E7161807-349E-4E57-B25F-46894C6B7C13}.Debug|Any CPU.Build.0 = Debug|Any CPU
		{E7161807-349E-4E57-B25F-46894C6B7C13}.Release|Any CPU.ActiveCfg = Release|Any CPU
		{E7161807-349E-4E57-B25F-46894C6B7C13}.Release|Any CPU.Build.0 = Release|Any CPU
	EndGlobalSection
	GlobalSection(SolutionProperties) = preSolution
		HideSolutionNode = FALSE
	EndGlobalSection
	GlobalSection(ExtensibilityGlobals) = postSolution
		SolutionGuid = {D168055B-CEDE-4437-A053-B83A5261F6DA}
	EndGlobalSection
EndGlobal
